// !$*UTF8*$!
{
	archiveVersion = 1;
	classes = {
	};
	objectVersion = 50;
	objects = {

/* Begin PBXBuildFile section */
		9EB4770E247344A200D0B31F /* AppDelegate.swift in Sources */ = {isa = PBXBuildFile; fileRef = 9EB4770D247344A200D0B31F /* AppDelegate.swift */; };
		9EB47710247344A200D0B31F /* SceneDelegate.swift in Sources */ = {isa = PBXBuildFile; fileRef = 9EB4770F247344A200D0B31F /* SceneDelegate.swift */; };
		9EB47712247344A200D0B31F /* ContentView.swift in Sources */ = {isa = PBXBuildFile; fileRef = 9EB47711247344A200D0B31F /* ContentView.swift */; };
		9EB47714247344A200D0B31F /* Assets.xcassets in Resources */ = {isa = PBXBuildFile; fileRef = 9EB47713247344A200D0B31F /* Assets.xcassets */; };
		9EB47717247344A200D0B31F /* Preview Assets.xcassets in Resources */ = {isa = PBXBuildFile; fileRef = 9EB47716247344A200D0B31F /* Preview Assets.xcassets */; };
		9EB4771A247344A200D0B31F /* LaunchScreen.storyboard in Resources */ = {isa = PBXBuildFile; fileRef = 9EB47718247344A200D0B31F /* LaunchScreen.storyboard */; };
		9EB47722247344A200D0B31F /* MemoryGame.swift in Sources */ = {isa = PBXBuildFile; fileRef = 9EB47721247344A200D0B31F /* MemoryGame.swift */; };
		9EB47724247344A200D0B31F /* EmojiMemoryGame.swift in Sources */ = {isa = PBXBuildFile; fileRef = 9EB47723247344A200D0B31F /* EmojiMemoryGame.swift */; };
/* End PBXBuildFile section */

/* Begin PBXFileReference section */
		9EB4770A247344A200D0B31F /* CS193p-MemoryGame.app */ = {isa = PBXFileReference; explicitFileType = wrapper.application; includeInIndex = 0; path = "CS193p-MemoryGame.app"; sourceTree = BUILT_PRODUCTS_DIR; };
		9EB4770D247344A200D0B31F /* AppDelegate.swift */ = {isa = PBXFileReference; lastKnownFileType = sourcecode.swift; path = AppDelegate.swift; sourceTree = "<group>"; };
		9EB4770F247344A200D0B31F /* SceneDelegate.swift */ = {isa = PBXFileReference; lastKnownFileType = sourcecode.swift; path = SceneDelegate.swift; sourceTree = "<group>"; };
		9EB47711247344A200D0B31F /* ContentView.swift */ = {isa = PBXFileReference; lastKnownFileType = sourcecode.swift; path = ContentView.swift; sourceTree = "<group>"; };
		9EB47713247344A200D0B31F /* Assets.xcassets */ = {isa = PBXFileReference; lastKnownFileType = folder.assetcatalog; path = Assets.xcassets; sourceTree = "<group>"; };
		9EB47716247344A200D0B31F /* Preview Assets.xcassets */ = {isa = PBXFileReference; lastKnownFileType = folder.assetcatalog; path = "Preview Assets.xcassets"; sourceTree = "<group>"; };
		9EB47719247344A200D0B31F /* Base */ = {isa = PBXFileReference; lastKnownFileType = file.storyboard; name = Base; path = Base.lproj/LaunchScreen.storyboard; sourceTree = "<group>"; };
		9EB4771B247344A200D0B31F /* Info.plist */ = {isa = PBXFileReference; lastKnownFileType = text.plist.xml; path = Info.plist; sourceTree = "<group>"; };
		9EB47721247344A200D0B31F /* MemoryGame.swift */ = {isa = PBXFileReference; lastKnownFileType = sourcecode.swift; path = MemoryGame.swift; sourceTree = "<group>"; };
		9EB47723247344A200D0B31F /* EmojiMemoryGame.swift */ = {isa = PBXFileReference; lastKnownFileType = sourcecode.swift; path = EmojiMemoryGame.swift; sourceTree = "<group>"; };
/* End PBXFileReference section */

/* Begin PBXFrameworksBuildPhase section */
		9EB47707247344A200D0B31F /* Frameworks */ = {
			isa = PBXFrameworksBuildPhase;
			buildActionMask = 2147483647;
			files = (
			);
			runOnlyForDeploymentPostprocessing = 0;
		};
/* End PBXFrameworksBuildPhase section */

/* Begin PBXGroup section */
		9EB47701247344A200D0B31F = {
			isa = PBXGroup;
			children = (
				9EB4770C247344A200D0B31F /* CS193p-MemoryGame */,
				9EB4770B247344A200D0B31F /* Products */,
			);
			sourceTree = "<group>";
		};
		9EB4770B247344A200D0B31F /* Products */ = {
			isa = PBXGroup;
			children = (
				9EB4770A247344A200D0B31F /* CS193p-MemoryGame.app */,
			);
			name = Products;
			sourceTree = "<group>";
		};
		9EB4770C247344A200D0B31F /* CS193p-MemoryGame */ = {
			isa = PBXGroup;
			children = (
				9EB4770D247344A200D0B31F /* AppDelegate.swift */,
				9EB4770F247344A200D0B31F /* SceneDelegate.swift */,
				9EB47721247344A200D0B31F /* MemoryGame.swift */,
				9EB47723247344A200D0B31F /* EmojiMemoryGame.swift */,
				9EB47711247344A200D0B31F /* ContentView.swift */,
				9EB47713247344A200D0B31F /* Assets.xcassets */,
				9EB47718247344A200D0B31F /* LaunchScreen.storyboard */,
				9EB4771B247344A200D0B31F /* Info.plist */,
				9EB47715247344A200D0B31F /* Preview Content */,
			);
			path = "CS193p-MemoryGame";
			sourceTree = "<group>";
		};
		9EB47715247344A200D0B31F /* Preview Content */ = {
			isa = PBXGroup;
			children = (
				9EB47716247344A200D0B31F /* Preview Assets.xcassets */,
			);
			path = "Preview Content";
			sourceTree = "<group>";
		};
/* End PBXGroup section */

/* Begin PBXNativeTarget section */
		9EB47709247344A200D0B31F /* CS193p-MemoryGame */ = {
			isa = PBXNativeTarget;
			buildConfigurationList = 9EB4771E247344A200D0B31F /* Build configuration list for PBXNativeTarget "CS193p-MemoryGame" */;
			buildPhases = (
				9EB47706247344A200D0B31F /* Sources */,
				9EB47707247344A200D0B31F /* Frameworks */,
				9EB47708247344A200D0B31F /* Resources */,
			);
			buildRules = (
			);
			dependencies = (
			);
			name = "CS193p-MemoryGame";
			productName = "CS193p-MemoryGame";
			productReference = 9EB4770A247344A200D0B31F /* CS193p-MemoryGame.app */;
			productType = "com.apple.product-type.application";
		};
/* End PBXNativeTarget section */

/* Begin PBXProject section */
		9EB47702247344A200D0B31F /* Project object */ = {
			isa = PBXProject;
			attributes = {
				LastSwiftUpdateCheck = 1140;
				LastUpgradeCheck = 1140;
				ORGANIZATIONNAME = "R-Activity";
				TargetAttributes = {
					9EB47709247344A200D0B31F = {
						CreatedOnToolsVersion = 11.4.1;
					};
				};
			};
			buildConfigurationList = 9EB47705247344A200D0B31F /* Build configuration list for PBXProject "CS193p-MemoryGame" */;
			compatibilityVersion = "Xcode 9.3";
			developmentRegion = en;
			hasScannedForEncodings = 0;
			knownRegions = (
				en,
				Base,
			);
			mainGroup = 9EB47701247344A200D0B31F;
			productRefGroup = 9EB4770B247344A200D0B31F /* Products */;
			projectDirPath = "";
			projectRoot = "";
			targets = (
				9EB47709247344A200D0B31F /* CS193p-MemoryGame */,
			);
		};
/* End PBXProject section */

/* Begin PBXResourcesBuildPhase section */
		9EB47708247344A200D0B31F /* Resources */ = {
			isa = PBXResourcesBuildPhase;
			buildActionMask = 2147483647;
			files = (
				9EB4771A247344A200D0B31F /* LaunchScreen.storyboard in Resources */,
				9EB47717247344A200D0B31F /* Preview Assets.xcassets in Resources */,
				9EB47714247344A200D0B31F /* Assets.xcassets in Resources */,
			);
			runOnlyForDeploymentPostprocessing = 0;
		};
/* End PBXResourcesBuildPhase section */

/* Begin PBXSourcesBuildPhase section */
		9EB47706247344A200D0B31F /* Sources */ = {
			isa = PBXSourcesBuildPhase;
			buildActionMask = 2147483647;
			files = (
				9EB4770E247344A200D0B31F /* AppDelegate.swift in Sources */,
				9EB47710247344A200D0B31F /* SceneDelegate.swift in Sources */,
				9EB47722247344A200D0B31F /* MemoryGame.swift in Sources */,
				9EB47712247344A200D0B31F /* ContentView.swift in Sources */,
				9EB47724247344A200D0B31F /* EmojiMemoryGame.swift in Sources */,
			);
			runOnlyForDeploymentPostprocessing = 0;
		};
/* End PBXSourcesBuildPhase section */

/* Begin PBXVariantGroup section */
		9EB47718247344A200D0B31F /* LaunchScreen.storyboard */ = {
			isa = PBXVariantGroup;
			children = (
				9EB47719247344A200D0B31F /* Base */,
			);
			name = LaunchScreen.storyboard;
			sourceTree = "<group>";
		};
/* End PBXVariantGroup section */

/* Begin XCBuildConfiguration section */
		9EB4771C247344A200D0B31F /* Debug */ = {
			isa = XCBuildConfiguration;
			buildSettings = {
				ALWAYS_SEARCH_USER_PATHS = NO;
				CLANG_ANALYZER_NONNULL = YES;
				CLANG_ANALYZER_NUMBER_OBJECT_CONVERSION = YES_AGGRESSIVE;
				CLANG_CXX_LANGUAGE_STANDARD = "gnu++14";
				CLANG_CXX_LIBRARY = "libc++";
				CLANG_ENABLE_MODULES = YES;
				CLANG_ENABLE_OBJC_ARC = YES;
				CLANG_ENABLE_OBJC_WEAK = YES;
				CLANG_WARN_BLOCK_CAPTURE_AUTORELEASING = YES;
				CLANG_WARN_BOOL_CONVERSION = YES;
				CLANG_WARN_COMMA = YES;
				CLANG_WARN_CONSTANT_CONVERSION = YES;
				CLANG_WARN_DEPRECATED_OBJC_IMPLEMENTATIONS = YES;
				CLANG_WARN_DIRECT_OBJC_ISA_USAGE = YES_ERROR;
				CLANG_WARN_DOCUMENTATION_COMMENTS = YES;
				CLANG_WARN_EMPTY_BODY = YES;
				CLANG_WARN_ENUM_CONVERSION = YES;
				CLANG_WARN_INFINITE_RECURSION = YES;
				CLANG_WARN_INT_CONVERSION = YES;
				CLANG_WARN_NON_LITERAL_NULL_CONVERSION = YES;
				CLANG_WARN_OBJC_IMPLICIT_RETAIN_SELF = YES;
				CLANG_WARN_OBJC_LITERAL_CONVERSION = YES;
				CLANG_WARN_OBJC_ROOT_CLASS = YES_ERROR;
				CLANG_WARN_RANGE_LOOP_ANALYSIS = YES;
				CLANG_WARN_STRICT_PROTOTYPES = YES;
				CLANG_WARN_SUSPICIOUS_MOVE = YES;
				CLANG_WARN_UNGUARDED_AVAILABILITY = YES_AGGRESSIVE;
				CLANG_WARN_UNREACHABLE_CODE = YES;
				CLANG_WARN__DUPLICATE_METHOD_MATCH = YES;
				COPY_PHASE_STRIP = NO;
				DEBUG_INFORMATION_FORMAT = dwarf;
				ENABLE_STRICT_OBJC_MSGSEND = YES;
				ENABLE_TESTABILITY = YES;
				GCC_C_LANGUAGE_STANDARD = gnu11;
				GCC_DYNAMIC_NO_PIC = NO;
				GCC_NO_COMMON_BLOCKS = YES;
				GCC_OPTIMIZATION_LEVEL = 0;
				GCC_PREPROCESSOR_DEFINITIONS = (
					"DEBUG=1",
					"$(inherited)",
				);
				GCC_WARN_64_TO_32_BIT_CONVERSION = YES;
				GCC_WARN_ABOUT_RETURN_TYPE = YES_ERROR;
				GCC_WARN_UNDECLARED_SELECTOR = YES;
				GCC_WARN_UNINITIALIZED_AUTOS = YES_AGGRESSIVE;
				GCC_WARN_UNUSED_FUNCTION = YES;
				GCC_WARN_UNUSED_VARIABLE = YES;
				IPHONEOS_DEPLOYMENT_TARGET = 13.4;
				MTL_ENABLE_DEBUG_INFO = INCLUDE_SOURCE;
				MTL_FAST_MATH = YES;
				ONLY_ACTIVE_ARCH = YES;
				SDKROOT = iphoneos;
				SWIFT_ACTIVE_COMPILATION_CONDITIONS = DEBUG;
				SWIFT_OPTIMIZATION_LEVEL = "-Onone";
			};
			name = Debug;
		};
		9EB4771D247344A200D0B31F /* Release */ = {
			isa = XCBuildConfiguration;
			buildSettings = {
				ALWAYS_SEARCH_USER_PATHS = NO;
				CLANG_ANALYZER_NONNULL = YES;
				CLANG_ANALYZER_NUMBER_OBJECT_CONVERSION = YES_AGGRESSIVE;
				CLANG_CXX_LANGUAGE_STANDARD = "gnu++14";
				CLANG_CXX_LIBRARY = "libc++";
				CLANG_ENABLE_MODULES = YES;
				CLANG_ENABLE_OBJC_ARC = YES;
				CLANG_ENABLE_OBJC_WEAK = YES;
				CLANG_WARN_BLOCK_CAPTURE_AUTORELEASING = YES;
				CLANG_WARN_BOOL_CONVERSION = YES;
				CLANG_WARN_COMMA = YES;
				CLANG_WARN_CONSTANT_CONVERSION = YES;
				CLANG_WARN_DEPRECATED_OBJC_IMPLEMENTATIONS = YES;
				CLANG_WARN_DIRECT_OBJC_ISA_USAGE = YES_ERROR;
				CLANG_WARN_DOCUMENTATION_COMMENTS = YES;
				CLANG_WARN_EMPTY_BODY = YES;
				CLANG_WARN_ENUM_CONVERSION = YES;
				CLANG_WARN_INFINITE_RECURSION = YES;
				CLANG_WARN_INT_CONVERSION = YES;
				CLANG_WARN_NON_LITERAL_NULL_CONVERSION = YES;
				CLANG_WARN_OBJC_IMPLICIT_RETAIN_SELF = YES;
				CLANG_WARN_OBJC_LITERAL_CONVERSION = YES;
				CLANG_WARN_OBJC_ROOT_CLASS = YES_ERROR;
				CLANG_WARN_RANGE_LOOP_ANALYSIS = YES;
				CLANG_WARN_STRICT_PROTOTYPES = YES;
				CLANG_WARN_SUSPICIOUS_MOVE = YES;
				CLANG_WARN_UNGUARDED_AVAILABILITY = YES_AGGRESSIVE;
				CLANG_WARN_UNREACHABLE_CODE = YES;
				CLANG_WARN__DUPLICATE_METHOD_MATCH = YES;
				COPY_PHASE_STRIP = NO;
				DEBUG_INFORMATION_FORMAT = "dwarf-with-dsym";
				ENABLE_NS_ASSERTIONS = NO;
				ENABLE_STRICT_OBJC_MSGSEND = YES;
				GCC_C_LANGUAGE_STANDARD = gnu11;
				GCC_NO_COMMON_BLOCKS = YES;
				GCC_WARN_64_TO_32_BIT_CONVERSION = YES;
				GCC_WARN_ABOUT_RETURN_TYPE = YES_ERROR;
				GCC_WARN_UNDECLARED_SELECTOR = YES;
				GCC_WARN_UNINITIALIZED_AUTOS = YES_AGGRESSIVE;
				GCC_WARN_UNUSED_FUNCTION = YES;
				GCC_WARN_UNUSED_VARIABLE = YES;
				IPHONEOS_DEPLOYMENT_TARGET = 13.4;
				MTL_ENABLE_DEBUG_INFO = NO;
				MTL_FAST_MATH = YES;
				SDKROOT = iphoneos;
				SWIFT_COMPILATION_MODE = wholemodule;
				SWIFT_OPTIMIZATION_LEVEL = "-O";
				VALIDATE_PRODUCT = YES;
			};
			name = Release;
		};
		9EB4771F247344A200D0B31F /* Debug */ = {
			isa = XCBuildConfiguration;
			buildSettings = {
				ASSETCATALOG_COMPILER_APPICON_NAME = AppIcon;
				CODE_SIGN_STYLE = Automatic;
				DEVELOPMENT_ASSET_PATHS = "\"CS193p-MemoryGame/Preview Content\"";
				DEVELOPMENT_TEAM = CL84EE6U2A;
				ENABLE_PREVIEWS = YES;
				INFOPLIST_FILE = "CS193p-MemoryGame/Info.plist";
				LD_RUNPATH_SEARCH_PATHS = (
					"$(inherited)",
					"@executable_path/Frameworks",
				);
				PRODUCT_BUNDLE_IDENTIFIER = "com.r-activity.CS193p-MemoryGame";
				PRODUCT_NAME = "$(TARGET_NAME)";
				SWIFT_VERSION = 5.0;
				TARGETED_DEVICE_FAMILY = "1,2";
			};
			name = Debug;
		};
		9EB47720247344A200D0B31F /* Release */ = {
			isa = XCBuildConfiguration;
			buildSettings = {
				ASSETCATALOG_COMPILER_APPICON_NAME = AppIcon;
				CODE_SIGN_STYLE = Automatic;
				DEVELOPMENT_ASSET_PATHS = "\"CS193p-MemoryGame/Preview Content\"";
				DEVELOPMENT_TEAM = CL84EE6U2A;
				ENABLE_PREVIEWS = YES;
				INFOPLIST_FILE = "CS193p-MemoryGame/Info.plist";
				LD_RUNPATH_SEARCH_PATHS = (
					"$(inherited)",
					"@executable_path/Frameworks",
				);
				PRODUCT_BUNDLE_IDENTIFIER = "com.r-activity.CS193p-MemoryGame";
				PRODUCT_NAME = "$(TARGET_NAME)";
				SWIFT_VERSION = 5.0;
				TARGETED_DEVICE_FAMILY = "1,2";
			};
			name = Release;
		};
/* End XCBuildConfiguration section */

/* Begin XCConfigurationList section */
		9EB47705247344A200D0B31F /* Build configuration list for PBXProject "CS193p-MemoryGame" */ = {
			isa = XCConfigurationList;
			buildConfigurations = (
				9EB4771C247344A200D0B31F /* Debug */,
				9EB4771D247344A200D0B31F /* Release */,
			);
			defaultConfigurationIsVisible = 0;
			defaultConfigurationName = Release;
		};
		9EB4771E247344A200D0B31F /* Build configuration list for PBXNativeTarget "CS193p-MemoryGame" */ = {
			isa = XCConfigurationList;
			buildConfigurations = (
				9EB4771F247344A200D0B31F /* Debug */,
				9EB47720247344A200D0B31F /* Release */,
			);
			defaultConfigurationIsVisible = 0;
			defaultConfigurationName = Release;
		};
/* End XCConfigurationList section */
	};
	rootObject = 9EB47702247344A200D0B31F /* Project object */;
}
